
Microsoft Visual Studio Solution File, Format Version 11.00
# Visual C++ Express 2010
Project("{8BC9CEB8-8B4A-11D0-8D11-00A0C91BC942}") = "tinconsole", "tinconsole.vcxproj", "{819A6141-5AD8-48C6-AD52-C3BB9FEF3126}"
	ProjectSection(ProjectDependencies) = postProject
		{24C5875A-E1CC-461A-8E8C-21C229379A49} = {24C5875A-E1CC-461A-8E8C-21C229379A49}
	EndProjectSection
EndProject
Project("{8BC9CEB8-8B4A-11D0-8D11-00A0C91BC942}") = "tinscript", "..\build\tinscript.vcxproj", "{24C5875A-E1CC-461A-8E8C-21C229379A49}"
EndProject
Global
	GlobalSection(SolutionConfigurationPlatforms) = preSolution
		Debug|Win32 = Debug|Win32
		Release|Win32 = Release|Win32
	EndGlobalSection
	GlobalSection(ProjectConfigurationPlatforms) = postSolution
		{819A6141-5AD8-48C6-AD52-C3BB9FEF3126}.Debug|Win32.ActiveCfg = Debug|Win32
		{819A6141-5AD8-48C6-AD52-C3BB9FEF3126}.Debug|Win32.Build.0 = Debug|Win32
		{819A6141-5AD8-48C6-AD52-C3BB9FEF3126}.Release|Win32.ActiveCfg = Release|Win32
		{819A6141-5AD8-48C6-AD52-C3BB9FEF3126}.Release|Win32.Build.0 = Release|Win32
		{24C5875A-E1CC-461A-8E8C-21C229379A49}.Debug|Win32.ActiveCfg = Debug|Win32
		{24C5875A-E1CC-461A-8E8C-21C229379A49}.Debug|Win32.Build.0 = Debug|Win32
		{24C5875A-E1CC-461A-8E8C-21C229379A49}.Release|Win32.ActiveCfg = Release|Win32
		{24C5875A-E1CC-461A-8E8C-21C229379A49}.Release|Win32.Build.0 = Release|Win32
	EndGlobalSection
	GlobalSection(SolutionProperties) = preSolution
		HideSolutionNode = FALSE
	EndGlobalSection
EndGlobal
